// !$*UTF8*$!
{
	archiveVersion = 1;
	classes = {
	};
	objectVersion = 46;
	objects = {

/* Begin PBXBuildFile section */
		191486761D847E3A001CA224 /* JSONResponseSerializerWithData.m in Sources */ = {isa = PBXBuildFile; fileRef = 191486731D847E3A001CA224 /* JSONResponseSerializerWithData.m */; };
		191486771D847E3A001CA224 /* NetworkManager.m in Sources */ = {isa = PBXBuildFile; fileRef = 191486751D847E3A001CA224 /* NetworkManager.m */; };
		1914867A1D847E4E001CA224 /* LoginManager.m in Sources */ = {isa = PBXBuildFile; fileRef = 191486791D847E4E001CA224 /* LoginManager.m */; };
		191486801D84A2E6001CA224 /* User.m in Sources */ = {isa = PBXBuildFile; fileRef = 1914867F1D84A2E6001CA224 /* User.m */; };
		191486831D84A60D001CA224 /* PostManager.m in Sources */ = {isa = PBXBuildFile; fileRef = 191486821D84A60D001CA224 /* PostManager.m */; };
		191486861D84A61A001CA224 /* ProfileManager.m in Sources */ = {isa = PBXBuildFile; fileRef = 191486851D84A61A001CA224 /* ProfileManager.m */; };
		191486891D84A629001CA224 /* SignupManager.m in Sources */ = {isa = PBXBuildFile; fileRef = 191486881D84A629001CA224 /* SignupManager.m */; };
		1914868F1D85934E001CA224 /* Beacon.m in Sources */ = {isa = PBXBuildFile; fileRef = 1914868E1D85934E001CA224 /* Beacon.m */; };
		191486921D85935A001CA224 /* Comment.m in Sources */ = {isa = PBXBuildFile; fileRef = 191486911D85935A001CA224 /* Comment.m */; };
		191486951D85936C001CA224 /* Post.m in Sources */ = {isa = PBXBuildFile; fileRef = 191486941D85936C001CA224 /* Post.m */; };
		19534DED1D49957D00309D28 /* main.m in Sources */ = {isa = PBXBuildFile; fileRef = 19534DEC1D49957D00309D28 /* main.m */; };
		19534DF01D49957D00309D28 /* AppDelegate.m in Sources */ = {isa = PBXBuildFile; fileRef = 19534DEF1D49957D00309D28 /* AppDelegate.m */; };
		19534DF61D49957D00309D28 /* Main.storyboard in Resources */ = {isa = PBXBuildFile; fileRef = 19534DF41D49957D00309D28 /* Main.storyboard */; };
		19534DFB1D49957D00309D28 /* LaunchScreen.xib in Resources */ = {isa = PBXBuildFile; fileRef = 19534DF91D49957D00309D28 /* LaunchScreen.xib */; };
		1974B8911D59365300777CF3 /* AppUtils.m in Sources */ = {isa = PBXBuildFile; fileRef = 1974B8901D59365300777CF3 /* AppUtils.m */; };
		1974B8951D593E8E00777CF3 /* RegistrationViewController.m in Sources */ = {isa = PBXBuildFile; fileRef = 1974B8941D593E8E00777CF3 /* RegistrationViewController.m */; };
		199AA7491D57725B001E3F4A /* NewPostViewController.m in Sources */ = {isa = PBXBuildFile; fileRef = 199AA7481D57725B001E3F4A /* NewPostViewController.m */; };
		199AA74D1D5778AD001E3F4A /* EditProfileViewController.m in Sources */ = {isa = PBXBuildFile; fileRef = 199AA74C1D5778AD001E3F4A /* EditProfileViewController.m */; };
		19A9E94E1D4E472600588822 /* Login.storyboard in Resources */ = {isa = PBXBuildFile; fileRef = 19A9E94D1D4E472600588822 /* Login.storyboard */; };
		19A9E95B1D4E48DB00588822 /* LoginViewController.m in Sources */ = {isa = PBXBuildFile; fileRef = 19A9E95A1D4E48DB00588822 /* LoginViewController.m */; };
		19A9E95E1D4E48E900588822 /* SignUpViewController.m in Sources */ = {isa = PBXBuildFile; fileRef = 19A9E95D1D4E48E900588822 /* SignUpViewController.m */; };
		19A9E9601D4E504B00588822 /* Home.storyboard in Resources */ = {isa = PBXBuildFile; fileRef = 19A9E95F1D4E504B00588822 /* Home.storyboard */; };
		19EE370A1D529529009BA896 /* TimelineViewController.m in Sources */ = {isa = PBXBuildFile; fileRef = 19EE37091D529529009BA896 /* TimelineViewController.m */; };
		19EE37121D529591009BA896 /* TimelineTableViewCell.m in Sources */ = {isa = PBXBuildFile; fileRef = 19EE37111D529591009BA896 /* TimelineTableViewCell.m */; };
		19EE37161D52995E009BA896 /* PostTableViewCell.m in Sources */ = {isa = PBXBuildFile; fileRef = 19EE37151D52995E009BA896 /* PostTableViewCell.m */; };
		19EE371F1D529AFD009BA896 /* FollowingTableViewCell.m in Sources */ = {isa = PBXBuildFile; fileRef = 19EE371B1D529AFD009BA896 /* FollowingTableViewCell.m */; };
		19EE37201D529AFD009BA896 /* FollowingViewController.m in Sources */ = {isa = PBXBuildFile; fileRef = 19EE371D1D529AFD009BA896 /* FollowingViewController.m */; };
		19EE37241D529B45009BA896 /* Profile.storyboard in Resources */ = {isa = PBXBuildFile; fileRef = 19EE37231D529B45009BA896 /* Profile.storyboard */; };
		19EE37271D529C45009BA896 /* ProfileViewController.m in Sources */ = {isa = PBXBuildFile; fileRef = 19EE37261D529C45009BA896 /* ProfileViewController.m */; };
		8192161CB257FCE7FE705245 /* libPods-levelUp.a in Frameworks */ = {isa = PBXBuildFile; fileRef = C11630ABCF1E8CBEFDA4EAB7 /* libPods-levelUp.a */; };
		BE1B2F7C1DBB94DB00793015 /* CommentViewController.m in Sources */ = {isa = PBXBuildFile; fileRef = BE1B2F7B1DBB94DB00793015 /* CommentViewController.m */; };
		BE1B2F801DBB961000793015 /* CommentTableViewCell.m in Sources */ = {isa = PBXBuildFile; fileRef = BE1B2F7F1DBB961000793015 /* CommentTableViewCell.m */; };
		BEB8357F1DB9246400132A7A /* Post.storyboard in Resources */ = {isa = PBXBuildFile; fileRef = BEB8357E1DB9246400132A7A /* Post.storyboard */; };
		BEB835811DB934A200132A7A /* Images.xcassets in Resources */ = {isa = PBXBuildFile; fileRef = BEB835801DB934A200132A7A /* Images.xcassets */; };
		BEC3A4D41DA035E000B14C49 /* TabBarViewController.m in Sources */ = {isa = PBXBuildFile; fileRef = BEC3A4D31DA035E000B14C49 /* TabBarViewController.m */; };
/* End PBXBuildFile section */

/* Begin PBXContainerItemProxy section */
		19534E011D49957D00309D28 /* PBXContainerItemProxy */ = {
			isa = PBXContainerItemProxy;
			containerPortal = 19534DDF1D49957D00309D28 /* Project object */;
			proxyType = 1;
			remoteGlobalIDString = 19534DE61D49957D00309D28;
			remoteInfo = levelUp;
		};
/* End PBXContainerItemProxy section */

/* Begin PBXFileReference section */
		191486721D847E3A001CA224 /* JSONResponseSerializerWithData.h */ = {isa = PBXFileReference; fileEncoding = 4; lastKnownFileType = sourcecode.c.h; path = JSONResponseSerializerWithData.h; sourceTree = "<group>"; };
		191486731D847E3A001CA224 /* JSONResponseSerializerWithData.m */ = {isa = PBXFileReference; fileEncoding = 4; lastKnownFileType = sourcecode.c.objc; path = JSONResponseSerializerWithData.m; sourceTree = "<group>"; };
		191486741D847E3A001CA224 /* NetworkManager.h */ = {isa = PBXFileReference; fileEncoding = 4; lastKnownFileType = sourcecode.c.h; path = NetworkManager.h; sourceTree = "<group>"; };
		191486751D847E3A001CA224 /* NetworkManager.m */ = {isa = PBXFileReference; fileEncoding = 4; lastKnownFileType = sourcecode.c.objc; path = NetworkManager.m; sourceTree = "<group>"; };
		191486781D847E4E001CA224 /* LoginManager.h */ = {isa = PBXFileReference; fileEncoding = 4; lastKnownFileType = sourcecode.c.h; path = LoginManager.h; sourceTree = "<group>"; };
		191486791D847E4E001CA224 /* LoginManager.m */ = {isa = PBXFileReference; fileEncoding = 4; lastKnownFileType = sourcecode.c.objc; path = LoginManager.m; sourceTree = "<group>"; };
		1914867B1D84A2CA001CA224 /* Constants.h */ = {isa = PBXFileReference; fileEncoding = 4; lastKnownFileType = sourcecode.c.h; path = Constants.h; sourceTree = "<group>"; };
		1914867C1D84A2CA001CA224 /* Urls.h */ = {isa = PBXFileReference; fileEncoding = 4; lastKnownFileType = sourcecode.c.h; path = Urls.h; sourceTree = "<group>"; };
		1914867E1D84A2E6001CA224 /* User.h */ = {isa = PBXFileReference; fileEncoding = 4; lastKnownFileType = sourcecode.c.h; path = User.h; sourceTree = "<group>"; };
		1914867F1D84A2E6001CA224 /* User.m */ = {isa = PBXFileReference; fileEncoding = 4; lastKnownFileType = sourcecode.c.objc; path = User.m; sourceTree = "<group>"; };
		191486811D84A60D001CA224 /* PostManager.h */ = {isa = PBXFileReference; fileEncoding = 4; lastKnownFileType = sourcecode.c.h; path = PostManager.h; sourceTree = "<group>"; };
		191486821D84A60D001CA224 /* PostManager.m */ = {isa = PBXFileReference; fileEncoding = 4; lastKnownFileType = sourcecode.c.objc; path = PostManager.m; sourceTree = "<group>"; };
		191486841D84A61A001CA224 /* ProfileManager.h */ = {isa = PBXFileReference; fileEncoding = 4; lastKnownFileType = sourcecode.c.h; path = ProfileManager.h; sourceTree = "<group>"; };
		191486851D84A61A001CA224 /* ProfileManager.m */ = {isa = PBXFileReference; fileEncoding = 4; lastKnownFileType = sourcecode.c.objc; path = ProfileManager.m; sourceTree = "<group>"; };
		191486871D84A629001CA224 /* SignupManager.h */ = {isa = PBXFileReference; fileEncoding = 4; lastKnownFileType = sourcecode.c.h; path = SignupManager.h; sourceTree = "<group>"; };
		191486881D84A629001CA224 /* SignupManager.m */ = {isa = PBXFileReference; fileEncoding = 4; lastKnownFileType = sourcecode.c.objc; path = SignupManager.m; sourceTree = "<group>"; };
		1914868D1D85934E001CA224 /* Beacon.h */ = {isa = PBXFileReference; fileEncoding = 4; lastKnownFileType = sourcecode.c.h; path = Beacon.h; sourceTree = "<group>"; };
		1914868E1D85934E001CA224 /* Beacon.m */ = {isa = PBXFileReference; fileEncoding = 4; lastKnownFileType = sourcecode.c.objc; path = Beacon.m; sourceTree = "<group>"; };
		191486901D85935A001CA224 /* Comment.h */ = {isa = PBXFileReference; fileEncoding = 4; lastKnownFileType = sourcecode.c.h; path = Comment.h; sourceTree = "<group>"; };
		191486911D85935A001CA224 /* Comment.m */ = {isa = PBXFileReference; fileEncoding = 4; lastKnownFileType = sourcecode.c.objc; path = Comment.m; sourceTree = "<group>"; };
		191486931D85936C001CA224 /* Post.h */ = {isa = PBXFileReference; fileEncoding = 4; lastKnownFileType = sourcecode.c.h; path = Post.h; sourceTree = "<group>"; };
		191486941D85936C001CA224 /* Post.m */ = {isa = PBXFileReference; fileEncoding = 4; lastKnownFileType = sourcecode.c.objc; path = Post.m; sourceTree = "<group>"; };
		19534DE71D49957D00309D28 /* levelUp.app */ = {isa = PBXFileReference; explicitFileType = wrapper.application; includeInIndex = 0; path = levelUp.app; sourceTree = BUILT_PRODUCTS_DIR; };
		19534DEB1D49957D00309D28 /* Info.plist */ = {isa = PBXFileReference; lastKnownFileType = text.plist.xml; path = Info.plist; sourceTree = "<group>"; };
		19534DEC1D49957D00309D28 /* main.m */ = {isa = PBXFileReference; lastKnownFileType = sourcecode.c.objc; path = main.m; sourceTree = "<group>"; };
		19534DEE1D49957D00309D28 /* AppDelegate.h */ = {isa = PBXFileReference; lastKnownFileType = sourcecode.c.h; path = AppDelegate.h; sourceTree = "<group>"; };
		19534DEF1D49957D00309D28 /* AppDelegate.m */ = {isa = PBXFileReference; lastKnownFileType = sourcecode.c.objc; path = AppDelegate.m; sourceTree = "<group>"; };
		19534DF51D49957D00309D28 /* Base */ = {isa = PBXFileReference; lastKnownFileType = file.storyboard; name = Base; path = Base.lproj/Main.storyboard; sourceTree = "<group>"; };
		19534DFA1D49957D00309D28 /* Base */ = {isa = PBXFileReference; lastKnownFileType = file.xib; name = Base; path = Base.lproj/LaunchScreen.xib; sourceTree = "<group>"; };
		19534E001D49957D00309D28 /* levelUpTests.xctest */ = {isa = PBXFileReference; explicitFileType = wrapper.cfbundle; includeInIndex = 0; path = levelUpTests.xctest; sourceTree = BUILT_PRODUCTS_DIR; };
		19534E051D49957D00309D28 /* Info.plist */ = {isa = PBXFileReference; lastKnownFileType = text.plist.xml; path = Info.plist; sourceTree = "<group>"; };
		1974B88F1D59365300777CF3 /* AppUtils.h */ = {isa = PBXFileReference; fileEncoding = 4; lastKnownFileType = sourcecode.c.h; path = AppUtils.h; sourceTree = "<group>"; };
		1974B8901D59365300777CF3 /* AppUtils.m */ = {isa = PBXFileReference; fileEncoding = 4; lastKnownFileType = sourcecode.c.objc; path = AppUtils.m; sourceTree = "<group>"; };
		1974B8931D593E8E00777CF3 /* RegistrationViewController.h */ = {isa = PBXFileReference; fileEncoding = 4; lastKnownFileType = sourcecode.c.h; path = RegistrationViewController.h; sourceTree = "<group>"; };
		1974B8941D593E8E00777CF3 /* RegistrationViewController.m */ = {isa = PBXFileReference; fileEncoding = 4; lastKnownFileType = sourcecode.c.objc; path = RegistrationViewController.m; sourceTree = "<group>"; };
		199AA7471D57725B001E3F4A /* NewPostViewController.h */ = {isa = PBXFileReference; fileEncoding = 4; lastKnownFileType = sourcecode.c.h; path = NewPostViewController.h; sourceTree = "<group>"; };
		199AA7481D57725B001E3F4A /* NewPostViewController.m */ = {isa = PBXFileReference; fileEncoding = 4; lastKnownFileType = sourcecode.c.objc; path = NewPostViewController.m; sourceTree = "<group>"; };
		199AA74B1D5778AD001E3F4A /* EditProfileViewController.h */ = {isa = PBXFileReference; fileEncoding = 4; lastKnownFileType = sourcecode.c.h; path = EditProfileViewController.h; sourceTree = "<group>"; };
		199AA74C1D5778AD001E3F4A /* EditProfileViewController.m */ = {isa = PBXFileReference; fileEncoding = 4; lastKnownFileType = sourcecode.c.objc; path = EditProfileViewController.m; sourceTree = "<group>"; };
		19A9E94D1D4E472600588822 /* Login.storyboard */ = {isa = PBXFileReference; fileEncoding = 4; lastKnownFileType = file.storyboard; path = Login.storyboard; sourceTree = "<group>"; };
		19A9E9591D4E48DB00588822 /* LoginViewController.h */ = {isa = PBXFileReference; fileEncoding = 4; lastKnownFileType = sourcecode.c.h; path = LoginViewController.h; sourceTree = "<group>"; };
		19A9E95A1D4E48DB00588822 /* LoginViewController.m */ = {isa = PBXFileReference; fileEncoding = 4; lastKnownFileType = sourcecode.c.objc; path = LoginViewController.m; sourceTree = "<group>"; };
		19A9E95C1D4E48E900588822 /* SignUpViewController.h */ = {isa = PBXFileReference; fileEncoding = 4; lastKnownFileType = sourcecode.c.h; path = SignUpViewController.h; sourceTree = "<group>"; };
		19A9E95D1D4E48E900588822 /* SignUpViewController.m */ = {isa = PBXFileReference; fileEncoding = 4; lastKnownFileType = sourcecode.c.objc; path = SignUpViewController.m; sourceTree = "<group>"; };
		19A9E95F1D4E504B00588822 /* Home.storyboard */ = {isa = PBXFileReference; fileEncoding = 4; lastKnownFileType = file.storyboard; path = Home.storyboard; sourceTree = "<group>"; };
		19EE37081D529529009BA896 /* TimelineViewController.h */ = {isa = PBXFileReference; fileEncoding = 4; lastKnownFileType = sourcecode.c.h; path = TimelineViewController.h; sourceTree = "<group>"; };
		19EE37091D529529009BA896 /* TimelineViewController.m */ = {isa = PBXFileReference; fileEncoding = 4; lastKnownFileType = sourcecode.c.objc; path = TimelineViewController.m; sourceTree = "<group>"; };
		19EE37101D529591009BA896 /* TimelineTableViewCell.h */ = {isa = PBXFileReference; fileEncoding = 4; lastKnownFileType = sourcecode.c.h; path = TimelineTableViewCell.h; sourceTree = "<group>"; };
		19EE37111D529591009BA896 /* TimelineTableViewCell.m */ = {isa = PBXFileReference; fileEncoding = 4; lastKnownFileType = sourcecode.c.objc; path = TimelineTableViewCell.m; sourceTree = "<group>"; };
		19EE37141D52995E009BA896 /* PostTableViewCell.h */ = {isa = PBXFileReference; fileEncoding = 4; lastKnownFileType = sourcecode.c.h; path = PostTableViewCell.h; sourceTree = "<group>"; };
		19EE37151D52995E009BA896 /* PostTableViewCell.m */ = {isa = PBXFileReference; fileEncoding = 4; lastKnownFileType = sourcecode.c.objc; path = PostTableViewCell.m; sourceTree = "<group>"; };
		19EE371A1D529AFD009BA896 /* FollowingTableViewCell.h */ = {isa = PBXFileReference; fileEncoding = 4; lastKnownFileType = sourcecode.c.h; path = FollowingTableViewCell.h; sourceTree = "<group>"; };
		19EE371B1D529AFD009BA896 /* FollowingTableViewCell.m */ = {isa = PBXFileReference; fileEncoding = 4; lastKnownFileType = sourcecode.c.objc; path = FollowingTableViewCell.m; sourceTree = "<group>"; };
		19EE371C1D529AFD009BA896 /* FollowingViewController.h */ = {isa = PBXFileReference; fileEncoding = 4; lastKnownFileType = sourcecode.c.h; path = FollowingViewController.h; sourceTree = "<group>"; };
		19EE371D1D529AFD009BA896 /* FollowingViewController.m */ = {isa = PBXFileReference; fileEncoding = 4; lastKnownFileType = sourcecode.c.objc; path = FollowingViewController.m; sourceTree = "<group>"; };
		19EE37231D529B45009BA896 /* Profile.storyboard */ = {isa = PBXFileReference; fileEncoding = 4; lastKnownFileType = file.storyboard; path = Profile.storyboard; sourceTree = "<group>"; };
		19EE37251D529C45009BA896 /* ProfileViewController.h */ = {isa = PBXFileReference; fileEncoding = 4; lastKnownFileType = sourcecode.c.h; path = ProfileViewController.h; sourceTree = "<group>"; };
		19EE37261D529C45009BA896 /* ProfileViewController.m */ = {isa = PBXFileReference; fileEncoding = 4; lastKnownFileType = sourcecode.c.objc; path = ProfileViewController.m; sourceTree = "<group>"; };
		3D4C4E5A6305E5992E029EAA /* Pods-levelUp.release.xcconfig */ = {isa = PBXFileReference; includeInIndex = 1; lastKnownFileType = text.xcconfig; name = "Pods-levelUp.release.xcconfig"; path = "Pods/Target Support Files/Pods-levelUp/Pods-levelUp.release.xcconfig"; sourceTree = "<group>"; };
		BE1B2F7A1DBB94DB00793015 /* CommentViewController.h */ = {isa = PBXFileReference; fileEncoding = 4; lastKnownFileType = sourcecode.c.h; path = CommentViewController.h; sourceTree = "<group>"; };
		BE1B2F7B1DBB94DB00793015 /* CommentViewController.m */ = {isa = PBXFileReference; fileEncoding = 4; lastKnownFileType = sourcecode.c.objc; path = CommentViewController.m; sourceTree = "<group>"; };
		BE1B2F7E1DBB961000793015 /* CommentTableViewCell.h */ = {isa = PBXFileReference; fileEncoding = 4; lastKnownFileType = sourcecode.c.h; path = CommentTableViewCell.h; sourceTree = "<group>"; };
		BE1B2F7F1DBB961000793015 /* CommentTableViewCell.m */ = {isa = PBXFileReference; fileEncoding = 4; lastKnownFileType = sourcecode.c.objc; path = CommentTableViewCell.m; sourceTree = "<group>"; };
		BEB8357E1DB9246400132A7A /* Post.storyboard */ = {isa = PBXFileReference; fileEncoding = 4; lastKnownFileType = file.storyboard; path = Post.storyboard; sourceTree = "<group>"; };
		BEB835801DB934A200132A7A /* Images.xcassets */ = {isa = PBXFileReference; lastKnownFileType = folder.assetcatalog; path = Images.xcassets; sourceTree = "<group>"; };
		BEC3A4D21DA035E000B14C49 /* TabBarViewController.h */ = {isa = PBXFileReference; fileEncoding = 4; lastKnownFileType = sourcecode.c.h; path = TabBarViewController.h; sourceTree = "<group>"; };
		BEC3A4D31DA035E000B14C49 /* TabBarViewController.m */ = {isa = PBXFileReference; fileEncoding = 4; lastKnownFileType = sourcecode.c.objc; path = TabBarViewController.m; sourceTree = "<group>"; };
		C11630ABCF1E8CBEFDA4EAB7 /* libPods-levelUp.a */ = {isa = PBXFileReference; explicitFileType = archive.ar; includeInIndex = 0; path = "libPods-levelUp.a"; sourceTree = BUILT_PRODUCTS_DIR; };
		C81D33AC84B56DCA41785147 /* Pods-levelUp.debug.xcconfig */ = {isa = PBXFileReference; includeInIndex = 1; lastKnownFileType = text.xcconfig; name = "Pods-levelUp.debug.xcconfig"; path = "Pods/Target Support Files/Pods-levelUp/Pods-levelUp.debug.xcconfig"; sourceTree = "<group>"; };
/* End PBXFileReference section */

/* Begin PBXFrameworksBuildPhase section */
		19534DE41D49957D00309D28 /* Frameworks */ = {
			isa = PBXFrameworksBuildPhase;
			buildActionMask = 2147483647;
			files = (
				8192161CB257FCE7FE705245 /* libPods-levelUp.a in Frameworks */,
			);
			runOnlyForDeploymentPostprocessing = 0;
		};
		19534DFD1D49957D00309D28 /* Frameworks */ = {
			isa = PBXFrameworksBuildPhase;
			buildActionMask = 2147483647;
			files = (
			);
			runOnlyForDeploymentPostprocessing = 0;
		};
/* End PBXFrameworksBuildPhase section */

/* Begin PBXGroup section */
		00B80EB8480D70BAE1C867E8 /* Frameworks */ = {
			isa = PBXGroup;
			children = (
				C11630ABCF1E8CBEFDA4EAB7 /* libPods-levelUp.a */,
			);
			name = Frameworks;
			sourceTree = "<group>";
		};
		191485801D846F87001CA224 /* LoginManager */ = {
			isa = PBXGroup;
			children = (
				191486781D847E4E001CA224 /* LoginManager.h */,
				191486791D847E4E001CA224 /* LoginManager.m */,
			);
			path = LoginManager;
			sourceTree = "<group>";
		};
		1914866D1D846F88001CA224 /* PostManager */ = {
			isa = PBXGroup;
			children = (
				191486811D84A60D001CA224 /* PostManager.h */,
				191486821D84A60D001CA224 /* PostManager.m */,
			);
			path = PostManager;
			sourceTree = "<group>";
		};
		1914866E1D846F88001CA224 /* ProfileManager */ = {
			isa = PBXGroup;
			children = (
				191486841D84A61A001CA224 /* ProfileManager.h */,
				191486851D84A61A001CA224 /* ProfileManager.m */,
			);
			path = ProfileManager;
			sourceTree = "<group>";
		};
		1914866F1D846F88001CA224 /* SignupManager */ = {
			isa = PBXGroup;
			children = (
				191486871D84A629001CA224 /* SignupManager.h */,
				191486881D84A629001CA224 /* SignupManager.m */,
			);
			path = SignupManager;
			sourceTree = "<group>";
		};
		191486711D847E3A001CA224 /* NetworkManager */ = {
			isa = PBXGroup;
			children = (
				191486721D847E3A001CA224 /* JSONResponseSerializerWithData.h */,
				191486731D847E3A001CA224 /* JSONResponseSerializerWithData.m */,
				191486741D847E3A001CA224 /* NetworkManager.h */,
				191486751D847E3A001CA224 /* NetworkManager.m */,
			);
			path = NetworkManager;
			sourceTree = "<group>";
		};
		1914867D1D84A2D6001CA224 /* User */ = {
			isa = PBXGroup;
			children = (
				1914867E1D84A2E6001CA224 /* User.h */,
				1914867F1D84A2E6001CA224 /* User.m */,
			);
			path = User;
			sourceTree = "<group>";
		};
		1914868A1D859330001CA224 /* Beacon */ = {
			isa = PBXGroup;
			children = (
				1914868D1D85934E001CA224 /* Beacon.h */,
				1914868E1D85934E001CA224 /* Beacon.m */,
			);
			path = Beacon;
			sourceTree = "<group>";
		};
		1914868B1D859330001CA224 /* Comment */ = {
			isa = PBXGroup;
			children = (
				191486901D85935A001CA224 /* Comment.h */,
				191486911D85935A001CA224 /* Comment.m */,
			);
			path = Comment;
			sourceTree = "<group>";
		};
		1914868C1D859330001CA224 /* Post */ = {
			isa = PBXGroup;
			children = (
				191486931D85936C001CA224 /* Post.h */,
				191486941D85936C001CA224 /* Post.m */,
			);
			path = Post;
			sourceTree = "<group>";
		};
		19534DDE1D49957D00309D28 = {
			isa = PBXGroup;
			children = (
				19534DE91D49957D00309D28 /* levelUp */,
				19EE37131D529949009BA896 /* PostTableViewCell */,
				19534E031D49957D00309D28 /* levelUpTests */,
				19534DE81D49957D00309D28 /* Products */,
				52894763549803C899838C5C /* Pods */,
				00B80EB8480D70BAE1C867E8 /* Frameworks */,
			);
			sourceTree = "<group>";
		};
		19534DE81D49957D00309D28 /* Products */ = {
			isa = PBXGroup;
			children = (
				19534DE71D49957D00309D28 /* levelUp.app */,
				19534E001D49957D00309D28 /* levelUpTests.xctest */,
			);
			name = Products;
			sourceTree = "<group>";
		};
		19534DE91D49957D00309D28 /* levelUp */ = {
			isa = PBXGroup;
			children = (
				BEB835801DB934A200132A7A /* Images.xcassets */,
				19A9E9511D4E48BD00588822 /* Classes */,
				19534DEE1D49957D00309D28 /* AppDelegate.h */,
				19534DEF1D49957D00309D28 /* AppDelegate.m */,
				19534DF41D49957D00309D28 /* Main.storyboard */,
				19A9E94D1D4E472600588822 /* Login.storyboard */,
				19A9E95F1D4E504B00588822 /* Home.storyboard */,
				19EE37231D529B45009BA896 /* Profile.storyboard */,
				19534DF91D49957D00309D28 /* LaunchScreen.xib */,
				BEB8357E1DB9246400132A7A /* Post.storyboard */,
				19534DEA1D49957D00309D28 /* Supporting Files */,
			);
			path = levelUp;
			sourceTree = "<group>";
		};
		19534DEA1D49957D00309D28 /* Supporting Files */ = {
			isa = PBXGroup;
			children = (
				19534DEB1D49957D00309D28 /* Info.plist */,
				19534DEC1D49957D00309D28 /* main.m */,
			);
			name = "Supporting Files";
			sourceTree = "<group>";
		};
		19534E031D49957D00309D28 /* levelUpTests */ = {
			isa = PBXGroup;
			children = (
				19534E041D49957D00309D28 /* Supporting Files */,
			);
			path = levelUpTests;
			sourceTree = "<group>";
		};
		19534E041D49957D00309D28 /* Supporting Files */ = {
			isa = PBXGroup;
			children = (
				19534E051D49957D00309D28 /* Info.plist */,
			);
			name = "Supporting Files";
			sourceTree = "<group>";
		};
		1974B8921D593E7400777CF3 /* RegistrationViewController */ = {
			isa = PBXGroup;
			children = (
				1974B8931D593E8E00777CF3 /* RegistrationViewController.h */,
				1974B8941D593E8E00777CF3 /* RegistrationViewController.m */,
			);
			path = RegistrationViewController;
			sourceTree = "<group>";
		};
		199AA7461D577245001E3F4A /* NewPostViewController */ = {
			isa = PBXGroup;
			children = (
				199AA7471D57725B001E3F4A /* NewPostViewController.h */,
				199AA7481D57725B001E3F4A /* NewPostViewController.m */,
			);
			path = NewPostViewController;
			sourceTree = "<group>";
		};
		199AA74A1D577894001E3F4A /* EditProfileViewController */ = {
			isa = PBXGroup;
			children = (
				199AA74B1D5778AD001E3F4A /* EditProfileViewController.h */,
				199AA74C1D5778AD001E3F4A /* EditProfileViewController.m */,
			);
			path = EditProfileViewController;
			sourceTree = "<group>";
		};
		19A9E9511D4E48BD00588822 /* Classes */ = {
			isa = PBXGroup;
			children = (
				19A9E9521D4E48BD00588822 /* Config */,
				19A9E9531D4E48BD00588822 /* Manager */,
				19A9E9541D4E48BD00588822 /* Model */,
				19A9E9551D4E48BD00588822 /* ViewController */,
			);
			path = Classes;
			sourceTree = "<group>";
		};
		19A9E9521D4E48BD00588822 /* Config */ = {
			isa = PBXGroup;
			children = (
				1914867B1D84A2CA001CA224 /* Constants.h */,
				1914867C1D84A2CA001CA224 /* Urls.h */,
				1974B88F1D59365300777CF3 /* AppUtils.h */,
				1974B8901D59365300777CF3 /* AppUtils.m */,
			);
			path = Config;
			sourceTree = "<group>";
		};
		19A9E9531D4E48BD00588822 /* Manager */ = {
			isa = PBXGroup;
			children = (
				191486711D847E3A001CA224 /* NetworkManager */,
				191485801D846F87001CA224 /* LoginManager */,
				1914866D1D846F88001CA224 /* PostManager */,
				1914866E1D846F88001CA224 /* ProfileManager */,
				1914866F1D846F88001CA224 /* SignupManager */,
			);
			path = Manager;
			sourceTree = "<group>";
		};
		19A9E9541D4E48BD00588822 /* Model */ = {
			isa = PBXGroup;
			children = (
				1914868A1D859330001CA224 /* Beacon */,
				1914868B1D859330001CA224 /* Comment */,
				1914868C1D859330001CA224 /* Post */,
				1914867D1D84A2D6001CA224 /* User */,
			);
			path = Model;
			sourceTree = "<group>";
		};
		19A9E9551D4E48BD00588822 /* ViewController */ = {
			isa = PBXGroup;
			children = (
				BEC3A4D11DA035B900B14C49 /* TabBarController */,
				19EE37171D529AFD009BA896 /* Profile */,
				19EE37021D52950A009BA896 /* Home */,
				19A9E9561D4E48BD00588822 /* Login */,
			);
			path = ViewController;
			sourceTree = "<group>";
		};
		19A9E9561D4E48BD00588822 /* Login */ = {
			isa = PBXGroup;
			children = (
				1974B8921D593E7400777CF3 /* RegistrationViewController */,
				19A9E9571D4E48BD00588822 /* LoginViewController */,
				19A9E9581D4E48BD00588822 /* SignUpViewController */,
			);
			path = Login;
			sourceTree = "<group>";
		};
		19A9E9571D4E48BD00588822 /* LoginViewController */ = {
			isa = PBXGroup;
			children = (
				19A9E9591D4E48DB00588822 /* LoginViewController.h */,
				19A9E95A1D4E48DB00588822 /* LoginViewController.m */,
			);
			path = LoginViewController;
			sourceTree = "<group>";
		};
		19A9E9581D4E48BD00588822 /* SignUpViewController */ = {
			isa = PBXGroup;
			children = (
				19A9E95C1D4E48E900588822 /* SignUpViewController.h */,
				19A9E95D1D4E48E900588822 /* SignUpViewController.m */,
			);
			path = SignUpViewController;
			sourceTree = "<group>";
		};
		19EE37021D52950A009BA896 /* Home */ = {
			isa = PBXGroup;
			children = (
				BE1B2F791DBB94C600793015 /* CommentViewController */,
				199AA7461D577245001E3F4A /* NewPostViewController */,
				19EE37041D52950A009BA896 /* TimelineViewController */,
			);
			path = Home;
			sourceTree = "<group>";
		};
		19EE37041D52950A009BA896 /* TimelineViewController */ = {
			isa = PBXGroup;
			children = (
				19EE370C1D529560009BA896 /* TimelineTableViewCell */,
				19EE37081D529529009BA896 /* TimelineViewController.h */,
				19EE37091D529529009BA896 /* TimelineViewController.m */,
			);
			path = TimelineViewController;
			sourceTree = "<group>";
		};
		19EE370C1D529560009BA896 /* TimelineTableViewCell */ = {
			isa = PBXGroup;
			children = (
				19EE37101D529591009BA896 /* TimelineTableViewCell.h */,
				19EE37111D529591009BA896 /* TimelineTableViewCell.m */,
			);
			path = TimelineTableViewCell;
			sourceTree = "<group>";
		};
		19EE37131D529949009BA896 /* PostTableViewCell */ = {
			isa = PBXGroup;
			children = (
				19EE37141D52995E009BA896 /* PostTableViewCell.h */,
				19EE37151D52995E009BA896 /* PostTableViewCell.m */,
			);
			name = PostTableViewCell;
			path = levelUp/Classes/ViewController/Home/TimelineViewController/PostTableViewCell;
			sourceTree = "<group>";
		};
		19EE37171D529AFD009BA896 /* Profile */ = {
			isa = PBXGroup;
			children = (
				199AA74A1D577894001E3F4A /* EditProfileViewController */,
				19EE37181D529AFD009BA896 /* FollowingViewController */,
				19EE371E1D529AFD009BA896 /* ProfileViewController */,
			);
			path = Profile;
			sourceTree = "<group>";
		};
		19EE37181D529AFD009BA896 /* FollowingViewController */ = {
			isa = PBXGroup;
			children = (
				19EE37191D529AFD009BA896 /* FollowingTableViewCell */,
				19EE371C1D529AFD009BA896 /* FollowingViewController.h */,
				19EE371D1D529AFD009BA896 /* FollowingViewController.m */,
			);
			path = FollowingViewController;
			sourceTree = "<group>";
		};
		19EE37191D529AFD009BA896 /* FollowingTableViewCell */ = {
			isa = PBXGroup;
			children = (
				19EE371A1D529AFD009BA896 /* FollowingTableViewCell.h */,
				19EE371B1D529AFD009BA896 /* FollowingTableViewCell.m */,
			);
			path = FollowingTableViewCell;
			sourceTree = "<group>";
		};
		19EE371E1D529AFD009BA896 /* ProfileViewController */ = {
			isa = PBXGroup;
			children = (
				19EE37251D529C45009BA896 /* ProfileViewController.h */,
				19EE37261D529C45009BA896 /* ProfileViewController.m */,
			);
			path = ProfileViewController;
			sourceTree = "<group>";
		};
		52894763549803C899838C5C /* Pods */ = {
			isa = PBXGroup;
			children = (
				C81D33AC84B56DCA41785147 /* Pods-levelUp.debug.xcconfig */,
				3D4C4E5A6305E5992E029EAA /* Pods-levelUp.release.xcconfig */,
			);
			name = Pods;
			sourceTree = "<group>";
		};
		BE1B2F791DBB94C600793015 /* CommentViewController */ = {
			isa = PBXGroup;
			children = (
				BE1B2F7D1DBB960000793015 /* CommentTableViewCell */,
				BE1B2F7A1DBB94DB00793015 /* CommentViewController.h */,
				BE1B2F7B1DBB94DB00793015 /* CommentViewController.m */,
			);
			path = CommentViewController;
			sourceTree = "<group>";
		};
		BE1B2F7D1DBB960000793015 /* CommentTableViewCell */ = {
			isa = PBXGroup;
			children = (
				BE1B2F7E1DBB961000793015 /* CommentTableViewCell.h */,
				BE1B2F7F1DBB961000793015 /* CommentTableViewCell.m */,
			);
			path = CommentTableViewCell;
			sourceTree = "<group>";
		};
		BEC3A4D11DA035B900B14C49 /* TabBarController */ = {
			isa = PBXGroup;
			children = (
				BEC3A4D21DA035E000B14C49 /* TabBarViewController.h */,
				BEC3A4D31DA035E000B14C49 /* TabBarViewController.m */,
			);
			path = TabBarController;
			sourceTree = "<group>";
		};
/* End PBXGroup section */

/* Begin PBXNativeTarget section */
		19534DE61D49957D00309D28 /* levelUp */ = {
			isa = PBXNativeTarget;
			buildConfigurationList = 19534E0A1D49957D00309D28 /* Build configuration list for PBXNativeTarget "levelUp" */;
			buildPhases = (
				A138F8746544F925B1C4639D /* [CP] Check Pods Manifest.lock */,
				19534DE31D49957D00309D28 /* Sources */,
				19534DE41D49957D00309D28 /* Frameworks */,
				19534DE51D49957D00309D28 /* Resources */,
				E735E6D6261F3584C74A43C0 /* [CP] Embed Pods Frameworks */,
				CAE3C78234696BE2110E1D45 /* [CP] Copy Pods Resources */,
			);
			buildRules = (
			);
			dependencies = (
			);
			name = levelUp;
			productName = levelUp;
			productReference = 19534DE71D49957D00309D28 /* levelUp.app */;
			productType = "com.apple.product-type.application";
		};
		19534DFF1D49957D00309D28 /* levelUpTests */ = {
			isa = PBXNativeTarget;
			buildConfigurationList = 19534E0D1D49957D00309D28 /* Build configuration list for PBXNativeTarget "levelUpTests" */;
			buildPhases = (
				19534DFC1D49957D00309D28 /* Sources */,
				19534DFD1D49957D00309D28 /* Frameworks */,
				19534DFE1D49957D00309D28 /* Resources */,
			);
			buildRules = (
			);
			dependencies = (
				19534E021D49957D00309D28 /* PBXTargetDependency */,
			);
			name = levelUpTests;
			productName = levelUpTests;
			productReference = 19534E001D49957D00309D28 /* levelUpTests.xctest */;
			productType = "com.apple.product-type.bundle.unit-test";
		};
/* End PBXNativeTarget section */

/* Begin PBXProject section */
		19534DDF1D49957D00309D28 /* Project object */ = {
			isa = PBXProject;
			attributes = {
				LastUpgradeCheck = 0640;
				ORGANIZATIONNAME = "Yasmin Benatti";
				TargetAttributes = {
					19534DE61D49957D00309D28 = {
						CreatedOnToolsVersion = 6.4;
						DevelopmentTeam = A729CUJG9B;
						ProvisioningStyle = Automatic;
					};
					19534DFF1D49957D00309D28 = {
						CreatedOnToolsVersion = 6.4;
						DevelopmentTeam = 838PHD3FZ3;
						TestTargetID = 19534DE61D49957D00309D28;
					};
				};
			};
			buildConfigurationList = 19534DE21D49957D00309D28 /* Build configuration list for PBXProject "levelUp" */;
			compatibilityVersion = "Xcode 3.2";
			developmentRegion = English;
			hasScannedForEncodings = 0;
			knownRegions = (
				en,
				Base,
			);
			mainGroup = 19534DDE1D49957D00309D28;
			productRefGroup = 19534DE81D49957D00309D28 /* Products */;
			projectDirPath = "";
			projectRoot = "";
			targets = (
				19534DE61D49957D00309D28 /* levelUp */,
				19534DFF1D49957D00309D28 /* levelUpTests */,
			);
		};
/* End PBXProject section */

/* Begin PBXResourcesBuildPhase section */
		19534DE51D49957D00309D28 /* Resources */ = {
			isa = PBXResourcesBuildPhase;
			buildActionMask = 2147483647;
			files = (
				19EE37241D529B45009BA896 /* Profile.storyboard in Resources */,
				19A9E94E1D4E472600588822 /* Login.storyboard in Resources */,
				BEB835811DB934A200132A7A /* Images.xcassets in Resources */,
				19A9E9601D4E504B00588822 /* Home.storyboard in Resources */,
				19534DF61D49957D00309D28 /* Main.storyboard in Resources */,
				19534DFB1D49957D00309D28 /* LaunchScreen.xib in Resources */,
				BEB8357F1DB9246400132A7A /* Post.storyboard in Resources */,
			);
			runOnlyForDeploymentPostprocessing = 0;
		};
		19534DFE1D49957D00309D28 /* Resources */ = {
			isa = PBXResourcesBuildPhase;
			buildActionMask = 2147483647;
			files = (
			);
			runOnlyForDeploymentPostprocessing = 0;
		};
/* End PBXResourcesBuildPhase section */

/* Begin PBXShellScriptBuildPhase section */
		A138F8746544F925B1C4639D /* [CP] Check Pods Manifest.lock */ = {
			isa = PBXShellScriptBuildPhase;
			buildActionMask = 2147483647;
			files = (
			);
			inputPaths = (
			);
			name = "[CP] Check Pods Manifest.lock";
			outputPaths = (
			);
			runOnlyForDeploymentPostprocessing = 0;
			shellPath = /bin/sh;
			shellScript = "diff \"${PODS_ROOT}/../Podfile.lock\" \"${PODS_ROOT}/Manifest.lock\" > /dev/null\nif [[ $? != 0 ]] ; then\n    cat << EOM\nerror: The sandbox is not in sync with the Podfile.lock. Run 'pod install' or update your CocoaPods installation.\nEOM\n    exit 1\nfi\n";
			showEnvVarsInLog = 0;
		};
		CAE3C78234696BE2110E1D45 /* [CP] Copy Pods Resources */ = {
			isa = PBXShellScriptBuildPhase;
			buildActionMask = 2147483647;
			files = (
			);
			inputPaths = (
			);
			name = "[CP] Copy Pods Resources";
			outputPaths = (
			);
			runOnlyForDeploymentPostprocessing = 0;
			shellPath = /bin/sh;
			shellScript = "\"${SRCROOT}/Pods/Target Support Files/Pods-levelUp/Pods-levelUp-resources.sh\"\n";
			showEnvVarsInLog = 0;
		};
		E735E6D6261F3584C74A43C0 /* [CP] Embed Pods Frameworks */ = {
			isa = PBXShellScriptBuildPhase;
			buildActionMask = 2147483647;
			files = (
			);
			inputPaths = (
			);
			name = "[CP] Embed Pods Frameworks";
			outputPaths = (
			);
			runOnlyForDeploymentPostprocessing = 0;
			shellPath = /bin/sh;
			shellScript = "\"${SRCROOT}/Pods/Target Support Files/Pods-levelUp/Pods-levelUp-frameworks.sh\"\n";
			showEnvVarsInLog = 0;
		};
/* End PBXShellScriptBuildPhase section */

/* Begin PBXSourcesBuildPhase section */
		19534DE31D49957D00309D28 /* Sources */ = {
			isa = PBXSourcesBuildPhase;
			buildActionMask = 2147483647;
			files = (
				191486771D847E3A001CA224 /* NetworkManager.m in Sources */,
				19534DF01D49957D00309D28 /* AppDelegate.m in Sources */,
				191486801D84A2E6001CA224 /* User.m in Sources */,
				19EE37201D529AFD009BA896 /* FollowingViewController.m in Sources */,
				BE1B2F7C1DBB94DB00793015 /* CommentViewController.m in Sources */,
				191486761D847E3A001CA224 /* JSONResponseSerializerWithData.m in Sources */,
				1974B8911D59365300777CF3 /* AppUtils.m in Sources */,
				191486921D85935A001CA224 /* Comment.m in Sources */,
				191486951D85936C001CA224 /* Post.m in Sources */,
				19EE37161D52995E009BA896 /* PostTableViewCell.m in Sources */,
				BE1B2F801DBB961000793015 /* CommentTableViewCell.m in Sources */,
				19534DED1D49957D00309D28 /* main.m in Sources */,
				1914867A1D847E4E001CA224 /* LoginManager.m in Sources */,
				19EE37271D529C45009BA896 /* ProfileViewController.m in Sources */,
				19EE37121D529591009BA896 /* TimelineTableViewCell.m in Sources */,
				199AA7491D57725B001E3F4A /* NewPostViewController.m in Sources */,
				19A9E95E1D4E48E900588822 /* SignUpViewController.m in Sources */,
				191486831D84A60D001CA224 /* PostManager.m in Sources */,
				191486891D84A629001CA224 /* SignupManager.m in Sources */,
				199AA74D1D5778AD001E3F4A /* EditProfileViewController.m in Sources */,
				19A9E95B1D4E48DB00588822 /* LoginViewController.m in Sources */,
				1914868F1D85934E001CA224 /* Beacon.m in Sources */,
				BEC3A4D41DA035E000B14C49 /* TabBarViewController.m in Sources */,
				19EE370A1D529529009BA896 /* TimelineViewController.m in Sources */,
				19EE371F1D529AFD009BA896 /* FollowingTableViewCell.m in Sources */,
				1974B8951D593E8E00777CF3 /* RegistrationViewController.m in Sources */,
				191486861D84A61A001CA224 /* ProfileManager.m in Sources */,
			);
			runOnlyForDeploymentPostprocessing = 0;
		};
		19534DFC1D49957D00309D28 /* Sources */ = {
			isa = PBXSourcesBuildPhase;
			buildActionMask = 2147483647;
			files = (
			);
			runOnlyForDeploymentPostprocessing = 0;
		};
/* End PBXSourcesBuildPhase section */

/* Begin PBXTargetDependency section */
		19534E021D49957D00309D28 /* PBXTargetDependency */ = {
			isa = PBXTargetDependency;
			target = 19534DE61D49957D00309D28 /* levelUp */;
			targetProxy = 19534E011D49957D00309D28 /* PBXContainerItemProxy */;
		};
/* End PBXTargetDependency section */

/* Begin PBXVariantGroup section */
		19534DF41D49957D00309D28 /* Main.storyboard */ = {
			isa = PBXVariantGroup;
			children = (
				19534DF51D49957D00309D28 /* Base */,
			);
			name = Main.storyboard;
			sourceTree = "<group>";
		};
		19534DF91D49957D00309D28 /* LaunchScreen.xib */ = {
			isa = PBXVariantGroup;
			children = (
				19534DFA1D49957D00309D28 /* Base */,
			);
			name = LaunchScreen.xib;
			sourceTree = "<group>";
		};
/* End PBXVariantGroup section */

/* Begin XCBuildConfiguration section */
		19534E081D49957D00309D28 /* Debug */ = {
			isa = XCBuildConfiguration;
			buildSettings = {
				ALWAYS_SEARCH_USER_PATHS = NO;
				CLANG_CXX_LANGUAGE_STANDARD = "gnu++0x";
				CLANG_CXX_LIBRARY = "libc++";
				CLANG_ENABLE_MODULES = YES;
				CLANG_ENABLE_OBJC_ARC = YES;
				CLANG_WARN_BOOL_CONVERSION = YES;
				CLANG_WARN_CONSTANT_CONVERSION = YES;
				CLANG_WARN_DIRECT_OBJC_ISA_USAGE = YES_ERROR;
				CLANG_WARN_EMPTY_BODY = YES;
				CLANG_WARN_ENUM_CONVERSION = YES;
				CLANG_WARN_INT_CONVERSION = YES;
				CLANG_WARN_OBJC_ROOT_CLASS = YES_ERROR;
				CLANG_WARN_UNREACHABLE_CODE = YES;
				CLANG_WARN__DUPLICATE_METHOD_MATCH = YES;
				"CODE_SIGN_IDENTITY[sdk=iphoneos*]" = "iPhone Developer";
				COPY_PHASE_STRIP = NO;
				DEBUG_INFORMATION_FORMAT = "dwarf-with-dsym";
				ENABLE_STRICT_OBJC_MSGSEND = YES;
				GCC_C_LANGUAGE_STANDARD = gnu99;
				GCC_DYNAMIC_NO_PIC = NO;
				GCC_NO_COMMON_BLOCKS = YES;
				GCC_OPTIMIZATION_LEVEL = 0;
				GCC_PREPROCESSOR_DEFINITIONS = (
					"DEBUG=1",
					"$(inherited)",
				);
				GCC_SYMBOLS_PRIVATE_EXTERN = NO;
				GCC_WARN_64_TO_32_BIT_CONVERSION = YES;
				GCC_WARN_ABOUT_RETURN_TYPE = YES_ERROR;
				GCC_WARN_UNDECLARED_SELECTOR = YES;
				GCC_WARN_UNINITIALIZED_AUTOS = YES_AGGRESSIVE;
				GCC_WARN_UNUSED_FUNCTION = YES;
				GCC_WARN_UNUSED_VARIABLE = YES;
				IPHONEOS_DEPLOYMENT_TARGET = 8.4;
				MTL_ENABLE_DEBUG_INFO = YES;
				ONLY_ACTIVE_ARCH = YES;
				SDKROOT = iphoneos;
			};
			name = Debug;
		};
		19534E091D49957D00309D28 /* Release */ = {
			isa = XCBuildConfiguration;
			buildSettings = {
				ALWAYS_SEARCH_USER_PATHS = NO;
				CLANG_CXX_LANGUAGE_STANDARD = "gnu++0x";
				CLANG_CXX_LIBRARY = "libc++";
				CLANG_ENABLE_MODULES = YES;
				CLANG_ENABLE_OBJC_ARC = YES;
				CLANG_WARN_BOOL_CONVERSION = YES;
				CLANG_WARN_CONSTANT_CONVERSION = YES;
				CLANG_WARN_DIRECT_OBJC_ISA_USAGE = YES_ERROR;
				CLANG_WARN_EMPTY_BODY = YES;
				CLANG_WARN_ENUM_CONVERSION = YES;
				CLANG_WARN_INT_CONVERSION = YES;
				CLANG_WARN_OBJC_ROOT_CLASS = YES_ERROR;
				CLANG_WARN_UNREACHABLE_CODE = YES;
				CLANG_WARN__DUPLICATE_METHOD_MATCH = YES;
				"CODE_SIGN_IDENTITY[sdk=iphoneos*]" = "iPhone Developer";
				COPY_PHASE_STRIP = NO;
				DEBUG_INFORMATION_FORMAT = "dwarf-with-dsym";
				ENABLE_NS_ASSERTIONS = NO;
				ENABLE_STRICT_OBJC_MSGSEND = YES;
				GCC_C_LANGUAGE_STANDARD = gnu99;
				GCC_NO_COMMON_BLOCKS = YES;
				GCC_WARN_64_TO_32_BIT_CONVERSION = YES;
				GCC_WARN_ABOUT_RETURN_TYPE = YES_ERROR;
				GCC_WARN_UNDECLARED_SELECTOR = YES;
				GCC_WARN_UNINITIALIZED_AUTOS = YES_AGGRESSIVE;
				GCC_WARN_UNUSED_FUNCTION = YES;
				GCC_WARN_UNUSED_VARIABLE = YES;
				IPHONEOS_DEPLOYMENT_TARGET = 8.4;
				MTL_ENABLE_DEBUG_INFO = NO;
				SDKROOT = iphoneos;
				VALIDATE_PRODUCT = YES;
			};
			name = Release;
		};
		19534E0B1D49957D00309D28 /* Debug */ = {
			isa = XCBuildConfiguration;
			baseConfigurationReference = C81D33AC84B56DCA41785147 /* Pods-levelUp.debug.xcconfig */;
			buildSettings = {
				ASSETCATALOG_COMPILER_APPICON_NAME = AppIcon;
				"CODE_SIGN_IDENTITY[sdk=iphoneos*]" = "iPhone Developer";
				DEVELOPMENT_TEAM = A729CUJG9B;
				INFOPLIST_FILE = levelUp/Info.plist;
				IPHONEOS_DEPLOYMENT_TARGET = 9.0;
				LD_RUNPATH_SEARCH_PATHS = "$(inherited) @executable_path/Frameworks";
				PRODUCT_NAME = "$(TARGET_NAME)";
			};
			name = Debug;
		};
		19534E0C1D49957D00309D28 /* Release */ = {
			isa = XCBuildConfiguration;
			baseConfigurationReference = 3D4C4E5A6305E5992E029EAA /* Pods-levelUp.release.xcconfig */;
			buildSettings = {
				ASSETCATALOG_COMPILER_APPICON_NAME = AppIcon;
				"CODE_SIGN_IDENTITY[sdk=iphoneos*]" = "iPhone Developer";
				DEVELOPMENT_TEAM = A729CUJG9B;
				INFOPLIST_FILE = levelUp/Info.plist;
				IPHONEOS_DEPLOYMENT_TARGET = 9.0;
				LD_RUNPATH_SEARCH_PATHS = "$(inherited) @executable_path/Frameworks";
				PRODUCT_NAME = "$(TARGET_NAME)";
			};
			name = Release;
		};
		19534E0E1D49957D00309D28 /* Debug */ = {
			isa = XCBuildConfiguration;
			buildSettings = {
				BUNDLE_LOADER = "$(TEST_HOST)";
				DEVELOPMENT_TEAM = 838PHD3FZ3;
				FRAMEWORK_SEARCH_PATHS = (
					"$(SDKROOT)/Developer/Library/Frameworks",
					"$(inherited)",
				);
				GCC_PREPROCESSOR_DEFINITIONS = (
					"DEBUG=1",
					"$(inherited)",
				);
				INFOPLIST_FILE = levelUpTests/Info.plist;
				LD_RUNPATH_SEARCH_PATHS = "$(inherited) @executable_path/Frameworks @loader_path/Frameworks";
				PRODUCT_NAME = "$(TARGET_NAME)";
				TEST_HOST = "$(BUILT_PRODUCTS_DIR)/levelUp.app/levelUp";
			};
			name = Debug;
		};
		19534E0F1D49957D00309D28 /* Release */ = {
			isa = XCBuildConfiguration;
			buildSettings = {
				BUNDLE_LOADER = "$(TEST_HOST)";
				DEVELOPMENT_TEAM = 838PHD3FZ3;
				FRAMEWORK_SEARCH_PATHS = (
					"$(SDKROOT)/Developer/Library/Frameworks",
					"$(inherited)",
				);
				INFOPLIST_FILE = levelUpTests/Info.plist;
				LD_RUNPATH_SEARCH_PATHS = "$(inherited) @executable_path/Frameworks @loader_path/Frameworks";
				PRODUCT_NAME = "$(TARGET_NAME)";
				TEST_HOST = "$(BUILT_PRODUCTS_DIR)/levelUp.app/levelUp";
			};
			name = Release;
		};
/* End XCBuildConfiguration section */

/* Begin XCConfigurationList section */
		19534DE21D49957D00309D28 /* Build configuration list for PBXProject "levelUp" */ = {
			isa = XCConfigurationList;
			buildConfigurations = (
				19534E081D49957D00309D28 /* Debug */,
				19534E091D49957D00309D28 /* Release */,
			);
			defaultConfigurationIsVisible = 0;
			defaultConfigurationName = Release;
		};
		19534E0A1D49957D00309D28 /* Build configuration list for PBXNativeTarget "levelUp" */ = {
			isa = XCConfigurationList;
			buildConfigurations = (
				19534E0B1D49957D00309D28 /* Debug */,
				19534E0C1D49957D00309D28 /* Release */,
			);
			defaultConfigurationIsVisible = 0;
			defaultConfigurationName = Release;
		};
		19534E0D1D49957D00309D28 /* Build configuration list for PBXNativeTarget "levelUpTests" */ = {
			isa = XCConfigurationList;
			buildConfigurations = (
				19534E0E1D49957D00309D28 /* Debug */,
				19534E0F1D49957D00309D28 /* Release */,
			);
			defaultConfigurationIsVisible = 0;
			defaultConfigurationName = Release;
		};
/* End XCConfigurationList section */
	};
	rootObject = 19534DDF1D49957D00309D28 /* Project object */;
}
